
Microsoft Visual Studio Solution File, Format Version 11.00
# Visual Studio 2010
Project("{E24C65DC-7377-472B-9ABA-BC803B73C61A}") = "Sparsh", ".", "{5B0251F5-79D8-45B0-9145-87A97903F8FB}"
	ProjectSection(WebsiteProperties) = preProject
		TargetFrameworkMoniker = ".NETFramework,Version%3Dv4.0"
		Debug.AspNetCompiler.VirtualPath = "/Sparsh"
		Debug.AspNetCompiler.PhysicalPath = "..\Sparsh\"
		Debug.AspNetCompiler.TargetPath = "PrecompiledWeb\Sparsh\"
		Debug.AspNetCompiler.Updateable = "true"
		Debug.AspNetCompiler.ForceOverwrite = "true"
		Debug.AspNetCompiler.FixedNames = "false"
		Debug.AspNetCompiler.Debug = "True"
		Release.AspNetCompiler.VirtualPath = "/Sparsh"
		Release.AspNetCompiler.PhysicalPath = "..\Sparsh\"
		Release.AspNetCompiler.TargetPath = "PrecompiledWeb\Sparsh\"
		Release.AspNetCompiler.Updateable = "true"
		Release.AspNetCompiler.ForceOverwrite = "true"
		Release.AspNetCompiler.FixedNames = "false"
		Release.AspNetCompiler.Debug = "False"
		VWDPort = "60921"
	EndProjectSection
EndProject
Global
	GlobalSection(SolutionConfigurationPlatforms) = preSolution
		Debug|Any CPU = Debug|Any CPU
	EndGlobalSection
	GlobalSection(ProjectConfigurationPlatforms) = postSolution
		{5B0251F5-79D8-45B0-9145-87A97903F8FB}.Debug|Any CPU.ActiveCfg = Debug|Any CPU
		{5B0251F5-79D8-45B0-9145-87A97903F8FB}.Debug|Any CPU.Build.0 = Debug|Any CPU
	EndGlobalSection
	GlobalSection(SolutionProperties) = preSolution
		HideSolutionNode = FALSE
	EndGlobalSection
EndGlobal
